
Microsoft Visual Studio Solution File, Format Version 11.00
# Visual Studio 2010
# SharpDevelop 4.3
Project("{FAE04EC0-301F-11D3-BF4B-00C04F79EFBC}") = "Convertidor", "currencyConverter\Convertidor.csproj", "{D6BBA21E-32F7-444D-94C9-FE78C1299A96}"
EndProject
Global
	GlobalSection(SolutionConfigurationPlatforms) = preSolution
		Debug|Any CPU = Debug|Any CPU
		Release|Any CPU = Release|Any CPU
	EndGlobalSection
	GlobalSection(ProjectConfigurationPlatforms) = postSolution
		{D6BBA21E-32F7-444D-94C9-FE78C1299A96}.Debug|Any CPU.ActiveCfg = Debug|Any CPU
		{D6BBA21E-32F7-444D-94C9-FE78C1299A96}.Debug|Any CPU.Build.0 = Debug|Any CPU
		{D6BBA21E-32F7-444D-94C9-FE78C1299A96}.Release|Any CPU.ActiveCfg = Release|Any CPU
		{D6BBA21E-32F7-444D-94C9-FE78C1299A96}.Release|Any CPU.Build.0 = Release|Any CPU
	EndGlobalSection
	GlobalSection(SolutionProperties) = preSolution
		HideSolutionNode = FALSE
	EndGlobalSection
EndGlobal
